
Microsoft Visual Studio Solution File, Format Version 12.00
# Visual Studio Version 16
VisualStudioVersion = 16.0.30413.136
MinimumVisualStudioVersion = 10.0.40219.1
Project("{8BC9CEB8-8B4A-11D0-8D11-00A0C91BC942}") = "HeartBeat", "HeartBeat\HeartBeat.vcxproj", "{079174B4-E531-4A87-83CE-DCC457FC45E3}"
EndProject
Global
	GlobalSection(SolutionConfigurationPlatforms) = preSolution
		Debug|x64 = Debug|x64
		Debug|x86 = Debug|x86
		Release|x64 = Release|x64
		Release|x86 = Release|x86
	EndGlobalSection
	GlobalSection(ProjectConfigurationPlatforms) = postSolution
		{079174B4-E531-4A87-83CE-DCC457FC45E3}.Debug|x64.ActiveCfg = Debug|x64
		{079174B4-E531-4A87-83CE-DCC457FC45E3}.Debug|x64.Build.0 = Debug|x64
		{079174B4-E531-4A87-83CE-DCC457FC45E3}.Debug|x86.ActiveCfg = Debug|Win32
		{079174B4-E531-4A87-83CE-DCC457FC45E3}.Debug|x86.Build.0 = Debug|Win32
		{079174B4-E531-4A87-83CE-DCC457FC45E3}.Release|x64.ActiveCfg = Release|x64
		{079174B4-E531-4A87-83CE-DCC457FC45E3}.Release|x64.Build.0 = Release|x64
		{079174B4-E531-4A87-83CE-DCC457FC45E3}.Release|x86.ActiveCfg = Release|Win32
		{079174B4-E531-4A87-83CE-DCC457FC45E3}.Release|x86.Build.0 = Release|Win32
	EndGlobalSection
	GlobalSection(SolutionProperties) = preSolution
		HideSolutionNode = FALSE
	EndGlobalSection
	GlobalSection(ExtensibilityGlobals) = postSolution
		SolutionGuid = {071793E2-FF69-4A2B-985F-D3A7E1A5CA04}
	EndGlobalSection
EndGlobal
